
Microsoft Visual Studio Solution File, Format Version 12.00
# Visual Studio 2013
VisualStudioVersion = 12.0.30723.0
MinimumVisualStudioVersion = 10.0.40219.1
Project("{F2A71F9B-5D33-465A-A702-920D77279786}") = "SachaBarberFSharpGeneticAlgorithm", "SachaBarberFSharpGeneticAlgorithm\SachaBarberFSharpGeneticAlgorithm\SachaBarberFSharpGeneticAlgorithm.fsproj", "{9C2DDC9F-C326-440F-B89D-D1F865BC45FD}"
EndProject
Project("{FAE04EC0-301F-11D3-BF4B-00C04F79EFBC}") = "BioCSharp.Interfaces", "SachaBarberFSharpGeneticAlgorithm\BioCSharp.Interfaces\BioCSharp.Interfaces.csproj", "{149B4445-C418-4082-AD95-F11FEE95580E}"
EndProject
Project("{FAE04EC0-301F-11D3-BF4B-00C04F79EFBC}") = "BioCSharp", "SachaBarberFSharpGeneticAlgorithm\BioCSharp\BioCSharp.csproj", "{15D234E1-5424-464A-8357-2986F01B9578}"
EndProject
Project("{2150E333-8FDC-42A3-9474-1A3956D46DE8}") = "Docs", "Docs", "{3367C9C7-917A-4FB7-8966-075076C9FDFC}"
	ProjectSection(SolutionItems) = preProject
		SachaBarberFSharpGeneticAlgorithm\SachaBarberFSharpInFinanceFinalCourseWork.odt = SachaBarberFSharpGeneticAlgorithm\SachaBarberFSharpInFinanceFinalCourseWork.odt
	EndProjectSection
EndProject
Global
	GlobalSection(SolutionConfigurationPlatforms) = preSolution
		Debug|Any CPU = Debug|Any CPU
		Debug|Mixed Platforms = Debug|Mixed Platforms
		Debug|x86 = Debug|x86
		Release|Any CPU = Release|Any CPU
		Release|Mixed Platforms = Release|Mixed Platforms
		Release|x86 = Release|x86
	EndGlobalSection
	GlobalSection(ProjectConfigurationPlatforms) = postSolution
		{9C2DDC9F-C326-440F-B89D-D1F865BC45FD}.Debug|Any CPU.ActiveCfg = Debug|x86
		{9C2DDC9F-C326-440F-B89D-D1F865BC45FD}.Debug|Mixed Platforms.ActiveCfg = Debug|x86
		{9C2DDC9F-C326-440F-B89D-D1F865BC45FD}.Debug|Mixed Platforms.Build.0 = Debug|x86
		{9C2DDC9F-C326-440F-B89D-D1F865BC45FD}.Debug|x86.ActiveCfg = Debug|x86
		{9C2DDC9F-C326-440F-B89D-D1F865BC45FD}.Debug|x86.Build.0 = Debug|x86
		{9C2DDC9F-C326-440F-B89D-D1F865BC45FD}.Release|Any CPU.ActiveCfg = Release|x86
		{9C2DDC9F-C326-440F-B89D-D1F865BC45FD}.Release|Mixed Platforms.ActiveCfg = Release|x86
		{9C2DDC9F-C326-440F-B89D-D1F865BC45FD}.Release|Mixed Platforms.Build.0 = Release|x86
		{9C2DDC9F-C326-440F-B89D-D1F865BC45FD}.Release|x86.ActiveCfg = Release|x86
		{9C2DDC9F-C326-440F-B89D-D1F865BC45FD}.Release|x86.Build.0 = Release|x86
		{149B4445-C418-4082-AD95-F11FEE95580E}.Debug|Any CPU.ActiveCfg = Debug|Any CPU
		{149B4445-C418-4082-AD95-F11FEE95580E}.Debug|Any CPU.Build.0 = Debug|Any CPU
		{149B4445-C418-4082-AD95-F11FEE95580E}.Debug|Mixed Platforms.ActiveCfg = Debug|Any CPU
		{149B4445-C418-4082-AD95-F11FEE95580E}.Debug|Mixed Platforms.Build.0 = Debug|Any CPU
		{149B4445-C418-4082-AD95-F11FEE95580E}.Debug|x86.ActiveCfg = Debug|Any CPU
		{149B4445-C418-4082-AD95-F11FEE95580E}.Release|Any CPU.ActiveCfg = Release|Any CPU
		{149B4445-C418-4082-AD95-F11FEE95580E}.Release|Any CPU.Build.0 = Release|Any CPU
		{149B4445-C418-4082-AD95-F11FEE95580E}.Release|Mixed Platforms.ActiveCfg = Release|Any CPU
		{149B4445-C418-4082-AD95-F11FEE95580E}.Release|Mixed Platforms.Build.0 = Release|Any CPU
		{149B4445-C418-4082-AD95-F11FEE95580E}.Release|x86.ActiveCfg = Release|Any CPU
		{15D234E1-5424-464A-8357-2986F01B9578}.Debug|Any CPU.ActiveCfg = Debug|Any CPU
		{15D234E1-5424-464A-8357-2986F01B9578}.Debug|Any CPU.Build.0 = Debug|Any CPU
		{15D234E1-5424-464A-8357-2986F01B9578}.Debug|Mixed Platforms.ActiveCfg = Debug|Any CPU
		{15D234E1-5424-464A-8357-2986F01B9578}.Debug|Mixed Platforms.Build.0 = Debug|Any CPU
		{15D234E1-5424-464A-8357-2986F01B9578}.Debug|x86.ActiveCfg = Debug|Any CPU
		{15D234E1-5424-464A-8357-2986F01B9578}.Release|Any CPU.ActiveCfg = Release|Any CPU
		{15D234E1-5424-464A-8357-2986F01B9578}.Release|Any CPU.Build.0 = Release|Any CPU
		{15D234E1-5424-464A-8357-2986F01B9578}.Release|Mixed Platforms.ActiveCfg = Release|Any CPU
		{15D234E1-5424-464A-8357-2986F01B9578}.Release|Mixed Platforms.Build.0 = Release|Any CPU
		{15D234E1-5424-464A-8357-2986F01B9578}.Release|x86.ActiveCfg = Release|Any CPU
	EndGlobalSection
	GlobalSection(SolutionProperties) = preSolution
		HideSolutionNode = FALSE
	EndGlobalSection
EndGlobal
